cel.dev/expr v0.18.0 h1:CJ6drgk+Hf96lkLikr4rFf19WrU0BOWEihyZnI2TAzo=
cel.dev/expr v0.18.0/go.mod h1:MrpN08Q+lEBs+bGYdLxxHkZoUSsCp0nSKTs0nTymJgw=
github.com/NYTimes/gziphandler v1.1.1 h1:ZUDjpQae29j0ryrS0u/B8HZfJBtBQHjqw2rQ2cqUQ3I=
github.com/NYTimes/gziphandler v1.1.1/go.mod h1:n/CVRwUEOgIxrgPvAQhUUr9oeUtvrhMomdKFjzJNB0c=
github.com/SUMMERLm/hyperNodes v0.0.0-20220411082828-8c56025edf7c h1:T/VaE5n84+6h1KOcnxCBH6dzYZlhuO0uI+RB0Fob2/0=
github.com/SUMMERLm/hyperNodes v0.0.0-20220411082828-8c56025edf7c/go.mod h1:i1jAmZ8/YfMrXmbnV8Yey8sc5l6PlQfg4s/E2QF1DuA=
github.com/SUMMERLm/quota v0.1.3 h1:QOuyEvjlaeqF37Pbmb1x6/2dayobMd0zfE6twd9Dneo=
github.com/SUMMERLm/quota v0.1.3/go.mod h1:ITvPu7axJs5gIOjjkJT/+cmjWAc/+5pdqDMLWoELUiU=
github.com/SUMMERLm/serverless v0.0.0-20230519020935-4137fb4ac00d h1:IeRFcCrkgrBwEaZsr9Mwj58GNKkFcJFDTUtr8HZ/G9U=
github.com/SUMMERLm/serverless v0.0.0-20230519020935-4137fb4ac00d/go.mod h1:MsSENBmqc4gGxqag/tR3ghq8l8RgeiNYmU5em19IdHk=
github.com/SUMMERLm/vhost v0.0.1 h1:QaQeepcSmzmGLtxeGWtjAjcB/2nTaSMka6sxSbUe4N8=
github.com/SUMMERLm/vhost v0.0.1/go.mod h1:MVTJYbCPB3eKQEf13Gki1ynTqiK07qf5/+vOlGgYlwQ=
github.com/alibabacloud-go/alibabacloud-gateway-spi v0.0.4 h1:iC9YFYKDGEy3n/FtqJnOkZsene9olVspKmkX5A2YBEo=
github.com/alibabacloud-go/alibabacloud-gateway-spi v0.0.4/go.mod h1:sCavSAvdzOjul4cEqeVtvlSaSScfNsTQ+46HwlTL1hc=
github.com/alibabacloud-go/alidns-20150109/v2 v2.0.1 h1:ZRIQVzRvb1HJA/kdGL8NSqVh3ZPK40gnr8iqALTBXoA=
github.com/alibabacloud-go/alidns-20150109/v2 v2.0.1/go.mod h1:fptnFiLL9yz/kQCCgRltpFIU8pIKkCflAFlk61FXzgg=
github.com/alibabacloud-go/cdn-20180510/v4 v4.1.2 h1:xMQVVvr/q6HVtU5m7VYRDOJ5ZvxtDT/7jcVPWMt0sIQ=
github.com/alibabacloud-go/cdn-20180510/v4 v4.1.2/go.mod h1:UAhkNW3dGbuaz33JI2xgN5/CXKQagob81uuw+BMDJnI=
github.com/alibabacloud-go/darabonba-openapi v0.1.1/go.mod h1:j69tNQyCIz4GgxWjzxJxultWObESmmC7D/66H7CXJrQ=
github.com/alibabacloud-go/darabonba-openapi v0.2.1 h1:WyzxxKvhdVDlwpAMOHgAiCJ+NXa6g5ZWPFEzaK/ewwY=
github.com/alibabacloud-go/darabonba-openapi v0.2.1/go.mod h1:zXOqLbpIqq543oioL9IuuZYOQgHQ5B8/n5OPrnko8aY=
github.com/alibabacloud-go/darabonba-openapi/v2 v2.0.2/go.mod h1:5JHVmnHvGzR2wNdgaW1zDLQG8kOC4Uec8ubkMogW7OQ=
github.com/alibabacloud-go/darabonba-openapi/v2 v2.0.5 h1:yyolbgHfV2Tp91vMjO/CF5aOxKG+UgdVAeUoloEQI3E=
github.com/alibabacloud-go/darabonba-openapi/v2 v2.0.5/go.mod h1:kUe8JqFmoVU7lfBauaDD5taFaW7mBI+xVsyHutYtabg=
github.com/alibabacloud-go/darabonba-string v1.0.0/go.mod h1:93cTfV3vuPhhEwGGpKKqhVW4jLe7tDpo3LUM0i0g6mA=
github.com/alibabacloud-go/darabonba-string v1.0.2 h1:E714wms5ibdzCqGeYJ9JCFywE5nDyvIXIIQbZVFkkqo=
github.com/alibabacloud-go/darabonba-string v1.0.2/go.mod h1:93cTfV3vuPhhEwGGpKKqhVW4jLe7tDpo3LUM0i0g6mA=
github.com/alibabacloud-go/debug v0.0.0-20190504072949-9472017b5c68 h1:NqugFkGxx1TXSh/pBcU00Y6bljgDPaFdh5MUSeJ7e50=
github.com/alibabacloud-go/debug v0.0.0-20190504072949-9472017b5c68/go.mod h1:6pb/Qy8c+lqua8cFpEy7g39NRRqOWc3rOwAy8m5Y2BY=
github.com/alibabacloud-go/endpoint-util v1.1.0 h1:r/4D3VSw888XGaeNpP994zDUaxdgTSHBbVfZlzf6b5Q=
github.com/alibabacloud-go/endpoint-util v1.1.0/go.mod h1:O5FuCALmCKs2Ff7JFJMudHs0I5EBgecXXxZRyswlEjE=
github.com/alibabacloud-go/openapi-util v0.0.6/go.mod h1:sQuElr4ywwFRlCCberQwKRFhRzIyG4QTP/P4y1CJ6Ws=
github.com/alibabacloud-go/openapi-util v0.0.11/go.mod h1:sQuElr4ywwFRlCCberQwKRFhRzIyG4QTP/P4y1CJ6Ws=
github.com/alibabacloud-go/openapi-util v0.1.0 h1:0z75cIULkDrdEhkLWgi9tnLe+KhAFE/r5Pb3312/eAY=
github.com/alibabacloud-go/openapi-util v0.1.0/go.mod h1:sQuElr4ywwFRlCCberQwKRFhRzIyG4QTP/P4y1CJ6Ws=
github.com/alibabacloud-go/tea v1.1.0/go.mod h1:IkGyUSX4Ba1V+k4pCtJUc6jDpZLFph9QMy2VUPTwukg=
github.com/alibabacloud-go/tea v1.1.7/go.mod h1:/tmnEaQMyb4Ky1/5D+SE1BAsa5zj/KeGOFfwYm3N/p4=
github.com/alibabacloud-go/tea v1.1.8/go.mod h1:/tmnEaQMyb4Ky1/5D+SE1BAsa5zj/KeGOFfwYm3N/p4=
github.com/alibabacloud-go/tea v1.1.11/go.mod h1:/tmnEaQMyb4Ky1/5D+SE1BAsa5zj/KeGOFfwYm3N/p4=
github.com/alibabacloud-go/tea v1.1.15/go.mod h1:nXxjm6CIFkBhwW4FQkNrolwbfon8Svy6cujmKFUq98A=
github.com/alibabacloud-go/tea v1.1.17/go.mod h1:nXxjm6CIFkBhwW4FQkNrolwbfon8Svy6cujmKFUq98A=
github.com/alibabacloud-go/tea v1.1.19/go.mod h1:nXxjm6CIFkBhwW4FQkNrolwbfon8Svy6cujmKFUq98A=
github.com/alibabacloud-go/tea v1.2.1 h1:rFF1LnrAdhaiPmKwH5xwYOKlMh66CqRwPUTzIK74ask=
github.com/alibabacloud-go/tea v1.2.1/go.mod h1:qbzof29bM/IFhLMtJPrgTGK3eauV5J2wSyEUo4OEmnA=
github.com/alibabacloud-go/tea-utils v1.3.1/go.mod h1:EI/o33aBfj3hETm4RLiAxF/ThQdSngxrpF8rKUDJjPE=
github.com/alibabacloud-go/tea-utils v1.3.8/go.mod h1:EI/o33aBfj3hETm4RLiAxF/ThQdSngxrpF8rKUDJjPE=
github.com/alibabacloud-go/tea-utils v1.4.3/go.mod h1:KNcT0oXlZZxOXINnZBs6YvgOd5aYp9U67G+E3R8fcQw=
github.com/alibabacloud-go/tea-utils v1.4.5 h1:h0/6Xd2f3bPE4XHTvkpjwxowIwRCJAJOqY6Eq8f3zfA=
github.com/alibabacloud-go/tea-utils v1.4.5/go.mod h1:KNcT0oXlZZxOXINnZBs6YvgOd5aYp9U67G+E3R8fcQw=
github.com/alibabacloud-go/tea-utils/v2 v2.0.0/go.mod h1:U5MTY10WwlquGPS34DOeomUGBB0gXbLueiq5Trwu0C4=
github.com/alibabacloud-go/tea-utils/v2 v2.0.4 h1:SoFgjJuO7pze88j9RBJNbKb7AgTS52O+J5ITxc00lCs=
github.com/alibabacloud-go/tea-utils/v2 v2.0.4/go.mod h1:sj1PbjPodAVTqGTA3olprfeeqqmwD0A5OQz94o9EuXQ=
github.com/alibabacloud-go/tea-xml v1.1.2/go.mod h1:Rq08vgCcCAjHyRi/M7xlHKUykZCEtyBy9+DPF6GgEu8=
github.com/alibabacloud-go/tea-xml v1.1.3 h1:7LYnm+JbOq2B+T/B0fHC4Ies4/FofC4zHzYtqw7dgt0=
github.com/alibabacloud-go/tea-xml v1.1.3/go.mod h1:Rq08vgCcCAjHyRi/M7xlHKUykZCEtyBy9+DPF6GgEu8=
github.com/aliyun/credentials-go v1.1.2/go.mod h1:ozcZaMR5kLM7pwtCMEpVmQ242suV6qTJya2bDq4X1Tw=
github.com/aliyun/credentials-go v1.3.1 h1:uq/0v7kWrxmoLGpqjx7vtQ/s03f0zR//0br/xWDTE28=
github.com/aliyun/credentials-go v1.3.1/go.mod h1:8jKYhQuDawt8x2+fusqa1Y6mPxemTsBEN04dgcAcYz0=
github.com/antlr4-go/antlr/v4 v4.13.0 h1:lxCg3LAv+EUK6t1i0y1V6/SLeUi0eKEKdhQAlS8TVTI=
github.com/antlr4-go/antlr/v4 v4.13.0/go.mod h1:pfChB/xh/Unjila75QW7+VU4TSnWnnk9UTnmpPaOR2g=
github.com/antonfisher/nested-logrus-formatter v1.3.1 h1:NFJIr+pzwv5QLHTPyKz9UMEoHck02Q9L0FP13b/xSbQ=
github.com/antonfisher/nested-logrus-formatter v1.3.1/go.mod h1:6WTfyWFkBc9+zyBaKIqRrg/KwMqBbodBjgbHjDz7zjA=
github.com/asaskevich/govalidator v0.0.0-20190424111038-f61b66f89f4a h1:idn718Q4B6AGu/h5Sxe66HYVdqdGu2l9Iebqhi/AEoA=
github.com/asaskevich/govalidator v0.0.0-20190424111038-f61b66f89f4a/go.mod h1:lB+ZfQJz7igIIfQNfa7Ml4HSf2uFQQRzpGGRXenZAgY=
github.com/beorn7/perks v1.0.1 h1:VlbKKnNfV8bJzeqoa4cOKqO6bYr3WgKZxO8Z16+hsOM=
github.com/beorn7/perks v1.0.1/go.mod h1:G2ZrVWU2WbWT9wwq4/hrbKbnv/1ERSJQ0ibhJ6rlkpw=
github.com/blang/semver/v4 v4.0.0 h1:1PFHFE6yCCTv8C1TeyNNarDzntLi7wMI5i/pzqYIsAM=
github.com/blang/semver/v4 v4.0.0/go.mod h1:IbckMUScFkM3pff0VJDNKRiT6TG/YpiHIM2yvyW5YoQ=
github.com/cenkalti/backoff/v4 v4.3.0 h1:MyRJ/UdXutAwSAT+s3wNd7MfTIcy71VQueUuFK343L8=
github.com/cenkalti/backoff/v4 v4.3.0/go.mod h1:Y3VNntkOUPxTVeUxJ/G5vcM//AlwfmyYozVcomhLiZE=
github.com/cespare/xxhash/v2 v2.3.0 h1:UL815xU9SqsFlibzuggzjXhog7bL6oX9BbNZnL2UFvs=
github.com/cespare/xxhash/v2 v2.3.0/go.mod h1:VGX0DQ3Q6kWi7AoAeZDth3/j3BFtOZR5XLFGgcrjCOs=
github.com/clbanning/mxj/v2 v2.5.5 h1:oT81vUeEiQQ/DcHbzSytRngP6Ky9O+L+0Bw0zSJag9E=
github.com/clbanning/mxj/v2 v2.5.5/go.mod h1:hNiWqW14h+kc+MdF9C6/YoRfjEJoR3ou6tn/Qo+ve2s=
github.com/coreos/go-semver v0.3.1 h1:yi21YpKnrx1gt5R+la8n5WgS0kCrsPp33dmEyHReZr4=
github.com/coreos/go-semver v0.3.1/go.mod h1:irMmmIw/7yzSRPWryHsK7EYSg09caPQL03VsM8rvUec=
github.com/coreos/go-systemd/v22 v22.5.0 h1:RrqgGjYQKalulkV8NGVIfkXQf6YYmOyiJKk8iXXhfZs=
github.com/coreos/go-systemd/v22 v22.5.0/go.mod h1:Y58oyj3AT4RCenI/lSvhwexgC+NSVTIJ3seZv2GcEnc=
github.com/cpuguy83/go-md2man/v2 v2.0.4/go.mod h1:tgQtvFlXSQOSOSIRvRPT7W67SCa46tRHOmNcaadrF8o=
github.com/creack/pty v1.1.9/go.mod h1:oKZEueFk5CKHvIhNR5MUki03XCEU+Q6VDXinZuGJ33E=
github.com/davecgh/go-spew v1.1.0/go.mod h1:J7Y8YcW2NihsgmVo/mv3lAwl/skON4iLHjSsI+c5H38=
github.com/davecgh/go-spew v1.1.1/go.mod h1:J7Y8YcW2NihsgmVo/mv3lAwl/skON4iLHjSsI+c5H38=
github.com/davecgh/go-spew v1.1.2-0.20180830191138-d8f796af33cc h1:U9qPSI2PIWSS1VwoXQT9A3Wy9MM3WgvqSxFWenqJduM=
github.com/davecgh/go-spew v1.1.2-0.20180830191138-d8f796af33cc/go.mod h1:J7Y8YcW2NihsgmVo/mv3lAwl/skON4iLHjSsI+c5H38=
github.com/dixudx/yacht v0.8.0 h1:fRSsNXJwhXpqTkpPhQ0SFfbL5gxoz9GyaSMVz8DVZc4=
github.com/dixudx/yacht v0.8.0/go.mod h1:f8rvpzmgRBhzAC+M9Cp6fOiQgBSSTTcD/VRLU4PMubs=
github.com/dustin/go-humanize v1.0.1 h1:GzkhY7T5VNhEkwH0PVJgjz+fX1rhBrR7pRT3mDkpeCY=
github.com/dustin/go-humanize v1.0.1/go.mod h1:Mu1zIs6XwVuF/gI1OepvI0qD18qycQx+mFykh5fBlto=
github.com/emicklei/go-restful/v3 v3.11.0 h1:rAQeMHw1c7zTmncogyy8VvRZwtkmkZ4FxERmMY4rD+g=
github.com/emicklei/go-restful/v3 v3.11.0/go.mod h1:6n3XBCmQQb25CM2LCACGz8ukIrRry+4bhvbpWn3mrbc=
github.com/evanphx/json-patch v4.12.0+incompatible h1:4onqiflcdA9EOZ4RxV643DvftH5pOlLGNtQ5lPWQu84=
github.com/evanphx/json-patch v4.12.0+incompatible/go.mod h1:50XU6AFN0ol/bzJsmQLiYLvXMP4fmwYFNcr97nuDLSk=
github.com/fatih/color v1.18.0 h1:S8gINlzdQ840/4pfAwic/ZE0djQEH3wM94VfqLTZcOM=
github.com/fatih/color v1.18.0/go.mod h1:4FelSpRwEGDpQ12mAdzqdOukCy4u8WUtOY6lkT/6HfU=
github.com/felixge/httpsnoop v1.0.4 h1:NFTV2Zj1bL4mc9sqWACXbQFVBBg2W3GPvqp8/ESS2Wg=
github.com/felixge/httpsnoop v1.0.4/go.mod h1:m8KPJKqk1gH5J9DgRY2ASl2lWCfGKXixSwevea8zH2U=
github.com/fsnotify/fsnotify v1.7.0 h1:8JEhPFa5W2WU7YfeZzPNqzMP6Lwt7L2715Ggo0nosvA=
github.com/fsnotify/fsnotify v1.7.0/go.mod h1:40Bi/Hjc2AVfZrqy+aj+yEI+/bRxZnMJyTJwOpGvigM=
github.com/fxamacker/cbor/v2 v2.7.0 h1:iM5WgngdRBanHcxugY4JySA0nk1wZorNOpTgCMedv5E=
github.com/fxamacker/cbor/v2 v2.7.0/go.mod h1:pxXPTn3joSm21Gbwsv0w9OSA2y1HFR9qXEeXQVeNoDQ=
github.com/go-logr/logr v1.2.2/go.mod h1:jdQByPbusPIv2/zmleS9BjJVeZ6kBagPoEUsqbVz/1A=
github.com/go-logr/logr v1.4.2 h1:6pFjapn8bFcIbiKo3XT4j/BhANplGihG6tvd+8rYgrY=
github.com/go-logr/logr v1.4.2/go.mod h1:9T104GzyrTigFIr8wt5mBrctHMim0Nb2HLGrmQ40KvY=
github.com/go-logr/stdr v1.2.2 h1:hSWxHoqTgW2S2qGc0LTAI563KZ5YKYRhT3MFKZMbjag=
github.com/go-logr/stdr v1.2.2/go.mod h1:mMo/vtBO5dYbehREoey6XUKy/eSumjCCveDpRre4VKE=
github.com/go-logr/zapr v1.3.0 h1:XGdV8XW8zdwFiwOA2Dryh1gj2KRQyOOoNmBy4EplIcQ=
github.com/go-logr/zapr v1.3.0/go.mod h1:YKepepNBd1u/oyhd/yQmtjVXmm9uML4IXUgMOwR8/Gg=
github.com/go-openapi/jsonpointer v0.19.6/go.mod h1:osyAmYz/mB/C3I+WsTTSgw1ONzaLJoLCyoi6/zppojs=
github.com/go-openapi/jsonpointer v0.21.0 h1:YgdVicSA9vH5RiHs9TZW5oyafXZFc6+2Vc1rr/O9oNQ=
github.com/go-openapi/jsonpointer v0.21.0/go.mod h1:IUyH9l/+uyhIYQ/PXVA41Rexl+kOkAPDdXEYns6fzUY=
github.com/go-openapi/jsonreference v0.20.2 h1:3sVjiK66+uXK/6oQ8xgcRKcFgQ5KXa2KvnJRumpMGbE=
github.com/go-openapi/jsonreference v0.20.2/go.mod h1:Bl1zwGIM8/wsvqjsOQLJ/SH+En5Ap4rVB5KVcIDZG2k=
github.com/go-openapi/swag v0.22.3/go.mod h1:UzaqsxGiab7freDnrUUra0MwWfN/q7tE4j+VcZ0yl14=
github.com/go-openapi/swag v0.23.0 h1:vsEVJDUo2hPJ2tu0/Xc+4noaxyEffXNIs3cOULZ+GrE=
github.com/go-openapi/swag v0.23.0/go.mod h1:esZ8ITTYEsH1V2trKHjAN8Ai7xHb8RV+YSZ577vPjgQ=
github.com/go-task/slim-sprig v0.0.0-20210107165309-348f09dbbbc0 h1:p104kn46Q8WdvHunIJ9dAyjPVtrBPhSr3KT2yUst43I=
github.com/go-task/slim-sprig/v3 v3.0.0 h1:sUs3vkvUymDpBKi3qH1YSqBQk9+9D/8M2mN1vB6EwHI=
github.com/go-task/slim-sprig/v3 v3.0.0/go.mod h1:W848ghGpv3Qj3dhTPRyJypKRiqCdHZiAzKg9hl15HA8=
github.com/gobuffalo/flect v1.0.3 h1:xeWBM2nui+qnVvNM4S3foBhCAL2XgPU+a7FdpelbTq4=
github.com/gobuffalo/flect v1.0.3/go.mod h1:A5msMlrHtLqh9umBSnvabjsMrCcCpAyzglnDvkbYKHs=
github.com/godbus/dbus/v5 v5.0.4/go.mod h1:xhWf0FNVPg57R7Z0UbKHbJfkEywrmjJnf7w5xrFpKfA=
github.com/gogo/protobuf v1.3.2 h1:Ov1cvc58UF3b5XjBnZv7+opcTcQFZebYjWzi34vdm4Q=
github.com/gogo/protobuf v1.3.2/go.mod h1:P1XiOD3dCwIKUDQYPy72D8LYyHL2YPYrpS2s69NZV8Q=
github.com/golang-jwt/jwt/v4 v4.5.0 h1:7cYmW1XlMY7h7ii7UhUyChSgS5wUJEnm9uZVTGqOWzg=
github.com/golang-jwt/jwt/v4 v4.5.0/go.mod h1:m21LjoU+eqJr34lmDMbreY2eSTRJ1cv77w39/MY0Ch0=
github.com/golang/protobuf v1.5.4 h1:i7eJL8qZTpSEXOPTxNKhASYpMn+8e5Q6AdndVa1dWek=
github.com/golang/protobuf v1.5.4/go.mod h1:lnTiLA8Wa4RWRcIUkrtSVa5nRhsEGBg48fD6rSs7xps=
github.com/google/btree v1.1.3 h1:CVpQJjYgC4VbzxeGVHfvZrv1ctoYCAI8vbl07Fcxlyg=
github.com/google/btree v1.1.3/go.mod h1:qOPhT0dTNdNzV6Z/lhRX0YXUafgPLFUh+gZMl761Gm4=
github.com/google/cel-go v0.22.0 h1:b3FJZxpiv1vTMo2/5RDUqAHPxkT8mmMfJIrq1llbf7g=
github.com/google/cel-go v0.22.0/go.mod h1:BuznPXXfQDpXKWQ9sPW3TzlAJN5zzFe+i9tIs0yC4s8=
github.com/google/gnostic-models v0.6.9 h1:MU/8wDLif2qCXZmzncUQ/BOfxWfthHi63KqpoNbWqVw=
github.com/google/gnostic-models v0.6.9/go.mod h1:CiWsm0s6BSQd1hRn8/QmxqB6BesYcbSZxsz9b0KuDBw=
github.com/google/go-cmp v0.5.9/go.mod h1:17dUlkBOakJ0+DkrSSNjCkIjxS6bF9zb3elmeNGIjoY=
github.com/google/go-cmp v0.6.0 h1:ofyhxvXcZhMsU5ulbFiLKl/XBFqE1GSq7atu8tAmTRI=
github.com/google/go-cmp v0.6.0/go.mod h1:17dUlkBOakJ0+DkrSSNjCkIjxS6bF9zb3elmeNGIjoY=
github.com/google/gofuzz v1.0.0/go.mod h1:dBl0BpW6vV/+mYPU4Po3pmUjxk6FQPldtuIdl/M65Eg=
github.com/google/gofuzz v1.2.0 h1:xRy4A+RhZaiKjJ1bPfwQ8sedCA+YS2YcCHW6ec7JMi0=
github.com/google/gofuzz v1.2.0/go.mod h1:dBl0BpW6vV/+mYPU4Po3pmUjxk6FQPldtuIdl/M65Eg=
github.com/google/pprof v0.0.0-20241210010833-40e02aabc2ad h1:a6HEuzUHeKH6hwfN/ZoQgRgVIWFJljSWa/zetS2WTvg=
github.com/google/pprof v0.0.0-20241210010833-40e02aabc2ad/go.mod h1:vavhavw2zAxS5dIdcRluK6cSGGPlZynqzFM8NdvU144=
github.com/google/uuid v1.6.0 h1:NIvaJDMOsjHA8n1jAhLSgzrAzy1Hgr+hNrb57e+94F0=
github.com/google/uuid v1.6.0/go.mod h1:TIyPZe4MgqvfeYDBFedMoGGpEw/LqOeaOT+nhxU+yHo=
github.com/gopherjs/gopherjs v0.0.0-20181017120253-0766667cb4d1/go.mod h1:wJfORRmW1u3UXTncJ5qlYoELFm8eSnnEO6hX4iZ3EWY=
github.com/gopherjs/gopherjs v0.0.0-20200217142428-fce0ec30dd00 h1:l5lAOZEym3oK3SQ2HBHWsJUfbNBiTXJDeW2QDxw9AQ0=
github.com/gopherjs/gopherjs v0.0.0-20200217142428-fce0ec30dd00/go.mod h1:wJfORRmW1u3UXTncJ5qlYoELFm8eSnnEO6hX4iZ3EWY=
github.com/gorilla/websocket v1.5.0 h1:PPwGk2jz7EePpoHN/+ClbZu8SPxiqlu12wZP/3sWmnc=
github.com/gorilla/websocket v1.5.0/go.mod h1:YR8l580nyteQvAITg2hZ9XVh4b55+EU/adAjf1fMHhE=
github.com/grpc-ecosystem/go-grpc-middleware v1.3.0 h1:+9834+KizmvFV7pXQGSXQTsaWhq2GjuNUt0aUU0YBYw=
github.com/grpc-ecosystem/go-grpc-middleware v1.3.0/go.mod h1:z0ButlSOZa5vEBq9m2m2hlwIgKw+rp3sdCBRoJY+30Y=
github.com/grpc-ecosystem/go-grpc-prometheus v1.2.0 h1:Ovs26xHkKqVztRpIrF/92BcuyuQ/YW4NSIpoGtfXNho=
github.com/grpc-ecosystem/go-grpc-prometheus v1.2.0/go.mod h1:8NvIoxWQoOIhqOTXgfV/d3M/q6VIi02HzZEHgUlZvzk=
github.com/grpc-ecosystem/grpc-gateway v1.16.0 h1:gmcG1KaJ57LophUzW0Hy8NmPhnMZb4M0+kPpLofRdBo=
github.com/grpc-ecosystem/grpc-gateway v1.16.0/go.mod h1:BDjrQk3hbvj6Nolgz8mAMFbcEtjT1g+wF4CSlocrBnw=
github.com/grpc-ecosystem/grpc-gateway/v2 v2.20.0 h1:bkypFPDjIYGfCYD5mRBvpqxfYX1YCS1PXdKYWi8FsN0=
github.com/grpc-ecosystem/grpc-gateway/v2 v2.20.0/go.mod h1:P+Lt/0by1T8bfcF3z737NnSbmxQAppXMRziHUxPOC8k=
github.com/inconshreveable/mousetrap v1.1.0 h1:wN+x4NVGpMsO7ErUn/mUI3vEoE6Jt13X2s0bqwp9tc8=
github.com/inconshreveable/mousetrap v1.1.0/go.mod h1:vpF70FUmC8bwa3OWnCshd2FqLfsEA9PFc4w1p2J65bw=
github.com/jinxin-fu/hermes v0.0.0-20220521023410-1f7d600bbefd h1:GNQib6SiGVjM6oQJITIO/lYVXuQip2dXlHevd72Gl2k=
github.com/jinxin-fu/hermes v0.0.0-20220521023410-1f7d600bbefd/go.mod h1:Ogsn2Xn5E8Foaa9HFE2hWDLjA2A28yfrwbzz+1YDu1A=
github.com/jonboulle/clockwork v0.4.0 h1:p4Cf1aMWXnXAUh8lVfewRBx1zaTSYKrKMF2g3ST4RZ4=
github.com/jonboulle/clockwork v0.4.0/go.mod h1:xgRqUGwRcjKCO1vbZUEtSLrqKoPSsUpK7fnezOII0kc=
github.com/josharian/intern v1.0.0 h1:vlS4z54oSdjm0bgjRigI+G1HpF+tI+9rE5LLzOg8HmY=
github.com/josharian/intern v1.0.0/go.mod h1:5DoeVV0s6jJacbCEi61lwdGj/aVlrQvzHFFd8Hwg//Y=
github.com/jpillora/backoff v1.0.0 h1:uvFg412JmmHBHw7iwprIxkPMI+sGQ4kzOWsMeHnm2EA=
github.com/jpillora/backoff v1.0.0/go.mod h1:J/6gKK9jxlEcS3zixgDgUAsiuZ7yrSoa/FX5e0EB2j4=
github.com/json-iterator/go v1.1.10/go.mod h1:KdQUCv79m/52Kvf8AW2vK1V8akMuk1QjK/uOdHXbAo4=
github.com/json-iterator/go v1.1.12 h1:PV8peI4a0ysnczrg+LtxykD8LfKY9ML6u2jnxaEnrnM=
github.com/json-iterator/go v1.1.12/go.mod h1:e30LSqwooZae/UwlEbR2852Gd8hjQvJoHmT4TnhNGBo=
github.com/jtolds/gls v4.20.0+incompatible h1:xdiiI2gbIgH/gLH7ADydsJ1uDOEzR8yvV7C0MuV77Wo=
github.com/jtolds/gls v4.20.0+incompatible/go.mod h1:QJZ7F/aHp+rZTRtaJ1ow/lLfFfVYBRgL+9YlvaHOwJU=
github.com/kisielk/errcheck v1.5.0/go.mod h1:pFxgyoBC7bSaBwPgfKdkLd5X25qrDl4LWUI2bnpBCr8=
github.com/kisielk/gotool v1.0.0/go.mod h1:XhKaO+MFFWcvkIS/tQcRk01m1F5IRFswLeQ+oQHNcck=
github.com/kr/pretty v0.2.1/go.mod h1:ipq/a2n7PKx3OHsz4KJII5eveXtPO4qwEXGdVfWzfnI=
github.com/kr/pretty v0.3.1 h1:flRD4NNwYAUpkphVc1HcthR4KEIFJ65n8Mw5qdRn3LE=
github.com/kr/pretty v0.3.1/go.mod h1:hoEshYVHaxMs3cyo3Yncou5ZscifuDolrwPKZanG3xk=
github.com/kr/pty v1.1.1/go.mod h1:pFQYn66WHrOpPYNljwOMqo10TkYh1fy3cYio2l3bCsQ=
github.com/kr/text v0.1.0/go.mod h1:4Jbv+DJW3UT/LiOwJeYQe1efqtUx/iVham/4vfdArNI=
github.com/kr/text v0.2.0 h1:5Nx0Ya0ZqY2ygV366QzturHI13Jq95ApcVaJBhpS+AY=
github.com/kr/text v0.2.0/go.mod h1:eLer722TekiGuMkidMxC/pM04lWEeraHUUmBw8l2grE=
github.com/lestrrat-go/envload v0.0.0-20180220234015-a3eb8ddeffcc h1:RKf14vYWi2ttpEmkA4aQ3j4u9dStX2t4M8UM6qqNsG8=
github.com/lestrrat-go/envload v0.0.0-20180220234015-a3eb8ddeffcc/go.mod h1:kopuH9ugFRkIXf3YoqHKyrJ9YfUFsckUU9S7B+XP+is=
github.com/lestrrat-go/file-rotatelogs v2.4.0+incompatible h1:Y6sqxHMyB1D2YSzWkLibYKgg+SwmyFU9dF2hn6MdTj4=
github.com/lestrrat-go/file-rotatelogs v2.4.0+incompatible/go.mod h1:ZQnN8lSECaebrkQytbHj4xNgtg8CR7RYXnPok8e0EHA=
github.com/lestrrat-go/strftime v1.0.6 h1:CFGsDEt1pOpFNU+TJB0nhz9jl+K0hZSLE205AhTIGQQ=
github.com/lestrrat-go/strftime v1.0.6/go.mod h1:f7jQKgV5nnJpYgdEasS+/y7EsTb8ykN2z68n3TtcTaw=
github.com/mailru/easyjson v0.7.7 h1:UGYAvKxe3sBsEDzO8ZeWOSlIQfWFlxbzLZe7hwFURr0=
github.com/mailru/easyjson v0.7.7/go.mod h1:xzfreul335JAWq5oZzymOObrkdz5UnU4kGfJJLY9Nlc=
github.com/mattbaird/jsonpatch v0.0.0-20240118010651-0ba75a80ca38 h1:hQWBtNqRYrI7CWIaUSXXtNKR90KzcUA5uiuxFVWw7sU=
github.com/mattbaird/jsonpatch v0.0.0-20240118010651-0ba75a80ca38/go.mod h1:M1qoD/MqPgTZIk0EWKB38wE28ACRfVcn+cU08jyArI0=
github.com/mattn/go-colorable v0.1.13 h1:fFA4WZxdEF4tXPZVKMLwD8oUnCTTo08duU7wxecdEvA=
github.com/mattn/go-colorable v0.1.13/go.mod h1:7S9/ev0klgBDR4GtXTXX8a3vIGJpMovkB8vQcUbaXHg=
github.com/mattn/go-isatty v0.0.16/go.mod h1:kYGgaQfpe5nmfYZH+SKPsOc2e4SrIfOl2e/yFXSvRLM=
github.com/mattn/go-isatty v0.0.20 h1:xfD0iDuEKnDkl03q4limB+vH+GxLEtL/jb4xVJSWWEY=
github.com/mattn/go-isatty v0.0.20/go.mod h1:W+V8PltTTMOvKvAeJH7IuucS94S2C6jfK/D7dTCTo3Y=
github.com/modern-go/concurrent v0.0.0-20180228061459-e0a39a4cb421/go.mod h1:6dJC0mAP4ikYIbvyc7fijjWJddQyLn8Ig3JB5CqoB9Q=
github.com/modern-go/concurrent v0.0.0-20180306012644-bacd9c7ef1dd h1:TRLaZ9cD/w8PVh93nsPXa1VrQ6jlwL5oN8l14QlcNfg=
github.com/modern-go/concurrent v0.0.0-20180306012644-bacd9c7ef1dd/go.mod h1:6dJC0mAP4ikYIbvyc7fijjWJddQyLn8Ig3JB5CqoB9Q=
github.com/modern-go/reflect2 v0.0.0-20180701023420-4b7aa43c6742/go.mod h1:bx2lNnkwVCuqBIxFjflWJWanXIb3RllmbCylyMrvgv0=
github.com/modern-go/reflect2 v1.0.1/go.mod h1:bx2lNnkwVCuqBIxFjflWJWanXIb3RllmbCylyMrvgv0=
github.com/modern-go/reflect2 v1.0.2 h1:xBagoLtFs94CBntxluKeaWgTMpvLxC4ur3nMaC9Gz0M=
github.com/modern-go/reflect2 v1.0.2/go.mod h1:yWuevngMOJpCy52FWWMvUC8ws7m/LJsjYzDa0/r8luk=
github.com/munnerz/goautoneg v0.0.0-20191010083416-a7dc8b61c822 h1:C3w9PqII01/Oq1c1nUAm88MOHcQC9l5mIlSMApZMrHA=
github.com/munnerz/goautoneg v0.0.0-20191010083416-a7dc8b61c822/go.mod h1:+n7T8mK8HuQTcFwEeznm/DIxMOiR9yIdICNftLE1DvQ=
github.com/mwitkow/go-conntrack v0.0.0-20190716064945-2f068394615f h1:KUppIJq7/+SVif2QVs3tOP0zanoHgBEVAwHxUSIzRqU=
github.com/mwitkow/go-conntrack v0.0.0-20190716064945-2f068394615f/go.mod h1:qRWi+5nqEBWmkhHvq77mSJWrCKwh8bxhgT7d/eI7P4U=
github.com/niemeyer/pretty v0.0.0-20200227124842-a10e7caefd8e/go.mod h1:zD1mROLANZcx1PVRCS0qkT7pwLkGfwJo4zjcN/Tysno=
github.com/nxadm/tail v1.4.8 h1:nPr65rt6Y5JFSKQO7qToXr7pePgD6Gwiw05lkbyAQTE=
github.com/nxadm/tail v1.4.8/go.mod h1:+ncqLTQzXmGhMZNUePPaPqPvBxHAIsmXswZKocGu+AU=
github.com/onsi/ginkgo v1.16.5 h1:8xi0RTUf59SOSfEtZMvwTvXYMzG4gV23XVHOZiXNtnE=
github.com/onsi/ginkgo v1.16.5/go.mod h1:+E8gABHa3K6zRBolWtd+ROzc/U5bkGt0FwiG042wbpU=
github.com/onsi/ginkgo/v2 v2.22.1 h1:QW7tbJAUDyVDVOM5dFa7qaybo+CRfR7bemlQUN6Z8aM=
github.com/onsi/ginkgo/v2 v2.22.1/go.mod h1:S6aTpoRsSq2cZOd+pssHAlKW/Q/jZt6cPrPlnj4a1xM=
github.com/onsi/gomega v1.36.2 h1:koNYke6TVk6ZmnyHrCXba/T/MoLBXFjeC1PtvYgw0A8=
github.com/onsi/gomega v1.36.2/go.mod h1:DdwyADRjrc825LhMEkD76cHR5+pUnjhUN8GlHlRPHzY=
github.com/pkg/errors v0.9.1 h1:FEBLx1zS214owpjy7qsBeixbURkuhQAwrK5UwLGTwt4=
github.com/pkg/errors v0.9.1/go.mod h1:bwawxfHBFNV+L2hUp1rHADufV3IMtnDRdf1r5NINEl0=
github.com/pmezard/go-difflib v1.0.0/go.mod h1:iKH77koFhYxTK1pcRnkKkqfTogsbg7gZNVY4sRDYZ/4=
github.com/pmezard/go-difflib v1.0.1-0.20181226105442-5d4384ee4fb2 h1:Jamvg5psRIccs7FGNTlIRMkT8wgtp5eCXdBlqhYGL6U=
github.com/pmezard/go-difflib v1.0.1-0.20181226105442-5d4384ee4fb2/go.mod h1:iKH77koFhYxTK1pcRnkKkqfTogsbg7gZNVY4sRDYZ/4=
github.com/prometheus-operator/prometheus-operator/pkg/apis/monitoring v0.55.1 h1:IIEF5Sp5jDnqRNoHH5fPLNOsScMhmfyWmFP7m04jokc=
github.com/prometheus-operator/prometheus-operator/pkg/apis/monitoring v0.55.1/go.mod h1:/xf16Bu3krDP6G5WhrJL9avDnLW/AN0g7hAIK63mbes=
github.com/prometheus/client_golang v1.19.1 h1:wZWJDwK+NameRJuPGDhlnFgx8e8HN3XHQeLaYJFJBOE=
github.com/prometheus/client_golang v1.19.1/go.mod h1:mP78NwGzrVks5S2H6ab8+ZZGJLZUq1hoULYBAYBw1Ho=
github.com/prometheus/client_model v0.6.1 h1:ZKSh/rekM+n3CeS952MLRAdFwIKqeY8b62p8ais2e9E=
github.com/prometheus/client_model v0.6.1/go.mod h1:OrxVMOVHjw3lKMa8+x6HeMGkHMQyHDk9E3jmP2AmGiY=
github.com/prometheus/common v0.55.0 h1:KEi6DK7lXW/m7Ig5i47x0vRzuBsHuvJdi5ee6Y3G1dc=
github.com/prometheus/common v0.55.0/go.mod h1:2SECS4xJG1kd8XF9IcM1gMX6510RAEL65zxzNImwdc8=
github.com/prometheus/procfs v0.15.1 h1:YagwOFzUgYfKKHX6Dr+sHT7km/hxC76UB0learggepc=
github.com/prometheus/procfs v0.15.1/go.mod h1:fB45yRUv8NstnjriLhBQLuOUt+WW4BsoGhij/e3PBqk=
github.com/rifflock/lfshook v0.0.0-20180920164130-b9218ef580f5 h1:mZHayPoR0lNmnHyvtYjDeq0zlVHn9K/ZXoy17ylucdo=
github.com/rifflock/lfshook v0.0.0-20180920164130-b9218ef580f5/go.mod h1:GEXHk5HgEKCvEIIrSpFI3ozzG5xOKA2DVlEX/gGnewM=
github.com/rogpeppe/go-internal v1.12.0 h1:exVL4IDcn6na9z1rAb56Vxr+CgyK3nn3O+epU5NdKM8=
github.com/rogpeppe/go-internal v1.12.0/go.mod h1:E+RYuTGaKKdloAfM02xzb0FW3Paa99yedzYV+kq4uf4=
github.com/russross/blackfriday/v2 v2.1.0/go.mod h1:+Rmxgy9KzJVeS9/2gXHxylqXiyQDYRxCVz55jmeOWTM=
github.com/sirupsen/logrus v1.9.3 h1:dueUQJ1C2q9oE3F7wvmSGAaVtTmUizReu6fjN8uqzbQ=
github.com/sirupsen/logrus v1.9.3/go.mod h1:naHLuLoDiP4jHNo9R0sCBMtWGeIprob74mVsIT4qYEQ=
github.com/smartystreets/assertions v0.0.0-20180927180507-b2de0cb4f26d/go.mod h1:OnSkiWE9lh6wB0YB77sQom3nweQdgAjqCqsofrRNTgc=
github.com/smartystreets/assertions v1.1.0 h1:MkTeG1DMwsrdH7QtLXy5W+fUxWq+vmb6cLmyJ7aRtF0=
github.com/smartystreets/assertions v1.1.0/go.mod h1:tcbTF8ujkAEcZ8TElKY+i30BzYlVhC/LOxJk7iOWnoo=
github.com/smartystreets/goconvey v1.6.4 h1:fv0U8FUIMPNf1L9lnHLvLhgicrIVChEkdzIKYqbNC9s=
github.com/smartystreets/goconvey v1.6.4/go.mod h1:syvi0/a8iFYH4r/RixwvyeAJjdLS9QV7WQ/tjFTllLA=
github.com/soheilhy/cmux v0.1.5 h1:jjzc5WVemNEDTLwv9tlmemhC73tI08BNOIGwBOo10Js=
github.com/soheilhy/cmux v0.1.5/go.mod h1:T7TcVDs9LWfQgPlPsdngu6I6QIoyIFZDDC6sNE1GqG0=
github.com/spf13/cobra v1.8.1 h1:e5/vxKd/rZsfSJMUX1agtjeTDf+qv1/JdBF8gg5k9ZM=
github.com/spf13/cobra v1.8.1/go.mod h1:wHxEcudfqmLYa8iTfL+OuZPbBZkmvliBWKIezN3kD9Y=
github.com/spf13/pflag v1.0.5/go.mod h1:McXfInJRrz4CZXVZOBLb0bTZqETkiAhM9Iw0y3An2Bg=
github.com/spf13/pflag v1.0.6 h1:jFzHGLGAlb3ruxLB8MhbI6A8+AQX/2eW4qeyNZXNp2o=
github.com/spf13/pflag v1.0.6/go.mod h1:McXfInJRrz4CZXVZOBLb0bTZqETkiAhM9Iw0y3An2Bg=
github.com/stoewer/go-strcase v1.3.0 h1:g0eASXYtp+yvN9fK8sH94oCIk0fau9uV1/ZdJ0AVEzs=
github.com/stoewer/go-strcase v1.3.0/go.mod h1:fAH5hQ5pehh+j3nZfvwdk2RgEgQjAoM8wodgtPmh1xo=
github.com/stretchr/objx v0.1.0/go.mod h1:HFkY916IF+rwdDfMAkV7OtwuqBVzrE8GR6GFx+wExME=
github.com/stretchr/objx v0.2.0/go.mod h1:qt09Ya8vawLte6SNmTgCsAVtYtaKzEcn8ATUoHMkEqE=
github.com/stretchr/objx v0.4.0/go.mod h1:YvHI0jy2hoMjB+UWwv71VJQ9isScKT/TqJzVSSt89Yw=
github.com/stretchr/objx v0.5.0/go.mod h1:Yh+to48EsGEfYuaHDzXPcE3xhTkx73EhmCGUpEOglKo=
github.com/stretchr/objx v0.5.2 h1:xuMeJ0Sdp5ZMRXx/aWO6RZxdr3beISkG5/G/aIRr3pY=
github.com/stretchr/objx v0.5.2/go.mod h1:FRsXN1f5AsAjCGJKqEizvkpNtU+EGNCLh3NxZ/8L+MA=
github.com/stretchr/testify v1.3.0/go.mod h1:M5WIy9Dh21IEIfnGCwXGc5bZfKNJtfHm1UVUgZn+9EI=
github.com/stretchr/testify v1.5.1/go.mod h1:5W2xD1RspED5o8YsWQXVCued0rvSQ+mT+I5cxcmMvtA=
github.com/stretchr/testify v1.7.0/go.mod h1:6Fq8oRcR53rry900zMqJjRRixrwX3KX962/h/Wwjteg=
github.com/stretchr/testify v1.7.1/go.mod h1:6Fq8oRcR53rry900zMqJjRRixrwX3KX962/h/Wwjteg=
github.com/stretchr/testify v1.8.0/go.mod h1:yNjHg4UonilssWZ8iaSj1OCr/vHnekPRkoO+kdMU+MU=
github.com/stretchr/testify v1.8.1/go.mod h1:w2LPCIKwWwSfY2zedu0+kehJoqGctiVI29o6fzry7u4=
github.com/stretchr/testify v1.9.0 h1:HtqpIVDClZ4nwg75+f6Lvsy/wHu+3BoSGCbBAcpTsTg=
github.com/stretchr/testify v1.9.0/go.mod h1:r2ic/lqez/lEtzL7wO/rwa5dbSLXVDPFyf8C91i36aY=
github.com/timtadh/data-structures v0.5.3 h1:F2tEjoG9qWIyUjbvXVgJqEOGJPMIiYn7U5W5mE+i/vQ=
github.com/timtadh/data-structures v0.5.3/go.mod h1:9R4XODhJ8JdWFEI8P/HJKqxuJctfBQw6fDibMQny2oU=
github.com/tjfoc/gmsm v1.3.2 h1:7JVkAn5bvUJ7HtU08iW6UiD+UTmJTIToHCfeFzkcCxM=
github.com/tjfoc/gmsm v1.3.2/go.mod h1:HaUcFuY0auTiaHB9MHFGCPx5IaLhTUd2atbCFBQXn9w=
github.com/tmc/grpc-websocket-proxy v0.0.0-20220101234140-673ab2c3ae75 h1:6fotK7otjonDflCTK0BCfls4SPy3NcCVb5dqqmbRknE=
github.com/tmc/grpc-websocket-proxy v0.0.0-20220101234140-673ab2c3ae75/go.mod h1:KO6IkyS8Y3j8OdNO85qEYBsRPuteD+YciPomcXdrMnk=
github.com/x448/float16 v0.8.4 h1:qLwI1I70+NjRFUR3zs1JPUCgaCXSh3SW62uAKT1mSBM=
github.com/x448/float16 v0.8.4/go.mod h1:14CWIYCyZA/cWjXOioeEpHeN/83MdbZDRQHoFcYsOfg=
github.com/xiang90/probing v0.0.0-20221125231312-a49e3df8f510 h1:S2dVYn90KE98chqDkyE9Z4N61UnQd+KOfgp5Iu53llk=
github.com/xiang90/probing v0.0.0-20221125231312-a49e3df8f510/go.mod h1:UETIi67q53MR2AWcXfiuqkDkRtnGDLqkBTpCHuJHxtU=
github.com/yuin/goldmark v1.1.27/go.mod h1:3hX8gzYuyVAZsxl0MRgGTJEmQBFcNTphYh9decYSb74=
github.com/yuin/goldmark v1.1.30/go.mod h1:3hX8gzYuyVAZsxl0MRgGTJEmQBFcNTphYh9decYSb74=
github.com/yuin/goldmark v1.2.1/go.mod h1:3hX8gzYuyVAZsxl0MRgGTJEmQBFcNTphYh9decYSb74=
github.com/yuin/goldmark v1.4.13/go.mod h1:6yULJ656Px+3vBD8DxQVa3kxgyrAnzto9xy5taEt/CY=
go.etcd.io/bbolt v1.3.11 h1:yGEzV1wPz2yVCLsD8ZAiGHhHVlczyC9d1rP43/VCRJ0=
go.etcd.io/bbolt v1.3.11/go.mod h1:dksAq7YMXoljX0xu6VF5DMZGbhYYoLUalEiSySYAS4I=
go.etcd.io/etcd/api/v3 v3.5.16 h1:WvmyJVbjWqK4R1E+B12RRHz3bRGy9XVfh++MgbN+6n0=
go.etcd.io/etcd/api/v3 v3.5.16/go.mod h1:1P4SlIP/VwkDmGo3OlOD7faPeP8KDIFhqvciH5EfN28=
go.etcd.io/etcd/client/pkg/v3 v3.5.16 h1:ZgY48uH6UvB+/7R9Yf4x574uCO3jIx0TRDyetSfId3Q=
go.etcd.io/etcd/client/pkg/v3 v3.5.16/go.mod h1:V8acl8pcEK0Y2g19YlOV9m9ssUe6MgiDSobSoaBAM0E=
go.etcd.io/etcd/client/v2 v2.305.16 h1:kQrn9o5czVNaukf2A2At43cE9ZtWauOtf9vRZuiKXow=
go.etcd.io/etcd/client/v2 v2.305.16/go.mod h1:h9YxWCzcdvZENbfzBTFCnoNumr2ax3F19sKMqHFmXHE=
go.etcd.io/etcd/client/v3 v3.5.16 h1:sSmVYOAHeC9doqi0gv7v86oY/BTld0SEFGaxsU9eRhE=
go.etcd.io/etcd/client/v3 v3.5.16/go.mod h1:X+rExSGkyqxvu276cr2OwPLBaeqFu1cIl4vmRjAD/50=
go.etcd.io/etcd/pkg/v3 v3.5.16 h1:cnavs5WSPWeK4TYwPYfmcr3Joz9BH+TZ6qoUtz6/+mc=
go.etcd.io/etcd/pkg/v3 v3.5.16/go.mod h1:+lutCZHG5MBBFI/U4eYT5yL7sJfnexsoM20Y0t2uNuY=
go.etcd.io/etcd/raft/v3 v3.5.16 h1:zBXA3ZUpYs1AwiLGPafYAKKl/CORn/uaxYDwlNwndAk=
go.etcd.io/etcd/raft/v3 v3.5.16/go.mod h1:P4UP14AxofMJ/54boWilabqqWoW9eLodl6I5GdGzazI=
go.etcd.io/etcd/server/v3 v3.5.16 h1:d0/SAdJ3vVsZvF8IFVb1k8zqMZ+heGcNfft71ul9GWE=
go.etcd.io/etcd/server/v3 v3.5.16/go.mod h1:ynhyZZpdDp1Gq49jkUg5mfkDWZwXnn3eIqCqtJnrD/s=
go.opentelemetry.io/contrib/instrumentation/google.golang.org/grpc/otelgrpc v0.53.0 h1:9G6E0TXzGFVfTnawRzrPl83iHOAV7L8NJiR8RSGYV1g=
go.opentelemetry.io/contrib/instrumentation/google.golang.org/grpc/otelgrpc v0.53.0/go.mod h1:azvtTADFQJA8mX80jIH/akaE7h+dbm/sVuaHqN13w74=
go.opentelemetry.io/contrib/instrumentation/net/http/otelhttp v0.53.0 h1:4K4tsIXefpVJtvA/8srF4V4y0akAoPHkIslgAkjixJA=
go.opentelemetry.io/contrib/instrumentation/net/http/otelhttp v0.53.0/go.mod h1:jjdQuTGVsXV4vSs+CJ2qYDeDPf9yIJV23qlIzBm73Vg=
go.opentelemetry.io/otel v1.28.0 h1:/SqNcYk+idO0CxKEUOtKQClMK/MimZihKYMruSMViUo=
go.opentelemetry.io/otel v1.28.0/go.mod h1:q68ijF8Fc8CnMHKyzqL6akLO46ePnjkgfIMIjUIX9z4=
go.opentelemetry.io/otel/exporters/otlp/otlptrace v1.28.0 h1:3Q/xZUyC1BBkualc9ROb4G8qkH90LXEIICcs5zv1OYY=
go.opentelemetry.io/otel/exporters/otlp/otlptrace v1.28.0/go.mod h1:s75jGIWA9OfCMzF0xr+ZgfrB5FEbbV7UuYo32ahUiFI=
go.opentelemetry.io/otel/exporters/otlp/otlptrace/otlptracegrpc v1.27.0 h1:qFffATk0X+HD+f1Z8lswGiOQYKHRlzfmdJm0wEaVrFA=
go.opentelemetry.io/otel/exporters/otlp/otlptrace/otlptracegrpc v1.27.0/go.mod h1:MOiCmryaYtc+V0Ei+Tx9o5S1ZjA7kzLucuVuyzBZloQ=
go.opentelemetry.io/otel/metric v1.28.0 h1:f0HGvSl1KRAU1DLgLGFjrwVyismPlnuU6JD6bOeuA5Q=
go.opentelemetry.io/otel/metric v1.28.0/go.mod h1:Fb1eVBFZmLVTMb6PPohq3TO9IIhUisDsbJoL/+uQW4s=
go.opentelemetry.io/otel/sdk v1.28.0 h1:b9d7hIry8yZsgtbmM0DKyPWMMUMlK9NEKuIG4aBqWyE=
go.opentelemetry.io/otel/sdk v1.28.0/go.mod h1:oYj7ClPUA7Iw3m+r7GeEjz0qckQRJK2B8zjcZEfu7Pg=
go.opentelemetry.io/otel/trace v1.28.0 h1:GhQ9cUuQGmNDd5BTCP2dAvv75RdMxEfTmYejp+lkx9g=
go.opentelemetry.io/otel/trace v1.28.0/go.mod h1:jPyXzNPg6da9+38HEwElrQiHlVMTnVfM3/yv2OlIHaI=
go.opentelemetry.io/proto/otlp v1.3.1 h1:TrMUixzpM0yuc/znrFTP9MMRh8trP93mkCiDVeXrui0=
go.opentelemetry.io/proto/otlp v1.3.1/go.mod h1:0X1WI4de4ZsLrrJNLAQbFeLCm3T7yBkR0XqQ7niQU+8=
go.uber.org/goleak v1.3.0 h1:2K3zAYmnTNqV73imy9J1T3WC+gmCePx2hEGkimedGto=
go.uber.org/goleak v1.3.0/go.mod h1:CoHD4mav9JJNrW/WLlf7HGZPjdw8EucARQHekz1X6bE=
go.uber.org/multierr v1.11.0 h1:blXXJkSxSSfBVBlC76pxqeO+LN3aDfLQo+309xJstO0=
go.uber.org/multierr v1.11.0/go.mod h1:20+QtiLqy0Nd6FdQB9TLXag12DsQkrbs3htMFfDN80Y=
go.uber.org/zap v1.27.0 h1:aJMhYGrd5QSmlpLMr2MftRKl7t8J8PTZPA732ud/XR8=
go.uber.org/zap v1.27.0/go.mod h1:GB2qFLM7cTU87MWRP2mPIjqfIDnGu+VIO4V/SdhGo2E=
golang.org/x/crypto v0.0.0-20190308221718-c2843e01d9a2/go.mod h1:djNgcEr1/C05ACkg1iLfiJU5Ep61QUkGW8qpdssI0+w=
golang.org/x/crypto v0.0.0-20191011191535-87dc89f01550/go.mod h1:yigFU9vqHzYiE8UmvKecakEJjdnWj3jj499lnFckfCI=
golang.org/x/crypto v0.0.0-20191219195013-becbf705a915/go.mod h1:LzIPMQfyMNhhGPhUkYOs5KpL4U8rLKemX1yGLhDgUto=
golang.org/x/crypto v0.0.0-20200510223506-06a226fb4e37/go.mod h1:LzIPMQfyMNhhGPhUkYOs5KpL4U8rLKemX1yGLhDgUto=
golang.org/x/crypto v0.0.0-20200622213623-75b288015ac9/go.mod h1:LzIPMQfyMNhhGPhUkYOs5KpL4U8rLKemX1yGLhDgUto=
golang.org/x/crypto v0.0.0-20210921155107-089bfa567519/go.mod h1:GvvjBRRGRdwPK5ydBHafDWAxML/pGHZbMvKqRZ5+Abc=
golang.org/x/crypto v0.10.0/go.mod h1:o4eNf7Ede1fv+hwOwZsTHl9EsPFO6q6ZvYR8vYfY45I=
golang.org/x/crypto v0.32.0 h1:euUpcYgM8WcP71gNpTqQCn6rC2t6ULUPiOzfWaXVVfc=
golang.org/x/crypto v0.32.0/go.mod h1:ZnnJkOaASj8g0AjIduWNlq2NRxL0PlBrbKVyZ6V/Ugc=
golang.org/x/exp v0.0.0-20240719175910-8a7402abbf56 h1:2dVuKD2vS7b0QIHQbpyTISPd0LeHDbnYEryqj5Q1ug8=
golang.org/x/exp v0.0.0-20240719175910-8a7402abbf56/go.mod h1:M4RDyNAINzryxdtnbRXRL/OHtkFuWGRjvuhBJpk2IlY=
golang.org/x/mod v0.2.0/go.mod h1:s0Qsj1ACt9ePp/hMypM3fl4fZqREWJwdYDEqhRiZZUA=
golang.org/x/mod v0.3.0/go.mod h1:s0Qsj1ACt9ePp/hMypM3fl4fZqREWJwdYDEqhRiZZUA=
golang.org/x/mod v0.6.0-dev.0.20220419223038-86c51ed26bb4/go.mod h1:jJ57K6gSWd91VN4djpZkiMVwK6gcyfeH4XE8wZrZaV4=
golang.org/x/mod v0.8.0/go.mod h1:iBbtSCu2XBx23ZKBPSOrRkjjQPZFPuis4dIYUhu/chs=
golang.org/x/mod v0.22.0 h1:D4nJWe9zXqHOmWqj4VMOJhvzj7bEZg4wEYa759z1pH4=
golang.org/x/mod v0.22.0/go.mod h1:6SkKJ3Xj0I0BrPOZoBy3bdMptDDU9oJrpohJ3eWZ1fY=
golang.org/x/net v0.0.0-20190311183353-d8887717615a/go.mod h1:t9HGtf8HONx5eT2rtn7q6eTqICYqUVnKs3thJo3Qplg=
golang.org/x/net v0.0.0-20190404232315-eb5bcb51f2a3/go.mod h1:t9HGtf8HONx5eT2rtn7q6eTqICYqUVnKs3thJo3Qplg=
golang.org/x/net v0.0.0-20190620200207-3b0461eec859/go.mod h1:z5CRVTTTmAJ677TzLLGU+0bjPO0LkuOLi4/5GtJWs/s=
golang.org/x/net v0.0.0-20200226121028-0de0cce0169b/go.mod h1:z5CRVTTTmAJ677TzLLGU+0bjPO0LkuOLi4/5GtJWs/s=
golang.org/x/net v0.0.0-20200506145744-7e3656a0809f/go.mod h1:qpuaurCH72eLCgpAm/N6yyVIVM9cpaDIP3A8BGJEC5A=
golang.org/x/net v0.0.0-20201021035429-f5854403a974/go.mod h1:sp8m0HH+o8qH0wwXwYZr8TS3Oi6o0r6Gce1SSxlDquU=
golang.org/x/net v0.0.0-20210226172049-e18ecbb05110/go.mod h1:m0MpNAwzfU5UDzcl9v0D8zg8gWTRqZa9RBIspLL5mdg=
golang.org/x/net v0.0.0-20220722155237-a158d28d115b/go.mod h1:XRhObCWvk6IyKnWLug+ECip1KBveYUHfp+8e9klMJ9c=
golang.org/x/net v0.6.0/go.mod h1:2Tu9+aMcznHK/AK1HMvgo6xiTLG5rD5rZLDS+rp2Bjs=
golang.org/x/net v0.7.0/go.mod h1:2Tu9+aMcznHK/AK1HMvgo6xiTLG5rD5rZLDS+rp2Bjs=
golang.org/x/net v0.10.0/go.mod h1:0qNGK6F8kojg2nk9dLZ2mShWaEBan6FAoqfSigmmuDg=
golang.org/x/net v0.11.0/go.mod h1:2L/ixqYpgIVXmeoSA/4Lu7BzTG4KIyPIryS4IsOd1oQ=
golang.org/x/net v0.34.0 h1:Mb7Mrk043xzHgnRM88suvJFwzVrRfHEHJEl5/71CKw0=
golang.org/x/net v0.34.0/go.mod h1:di0qlW3YNM5oh6GqDGQr92MyTozJPmybPK4Ev/Gm31k=
golang.org/x/oauth2 v0.23.0 h1:PbgcYx2W7i4LvjJWEbf0ngHV6qJYr86PkAV3bXdLEbs=
golang.org/x/oauth2 v0.23.0/go.mod h1:XYTD2NtWslqkgxebSiOHnXEap4TF09sJSc7H1sXbhtI=
golang.org/x/sync v0.0.0-20190423024810-112230192c58/go.mod h1:RxMgew5VJxzue5/jJTE5uejpjVlOe/izrB70Jof72aM=
golang.org/x/sync v0.0.0-20190911185100-cd5d95a43a6e/go.mod h1:RxMgew5VJxzue5/jJTE5uejpjVlOe/izrB70Jof72aM=
golang.org/x/sync v0.0.0-20200317015054-43a5402ce75a/go.mod h1:RxMgew5VJxzue5/jJTE5uejpjVlOe/izrB70Jof72aM=
golang.org/x/sync v0.0.0-20201020160332-67f06af15bc9/go.mod h1:RxMgew5VJxzue5/jJTE5uejpjVlOe/izrB70Jof72aM=
golang.org/x/sync v0.0.0-20220722155255-886fb9371eb4/go.mod h1:RxMgew5VJxzue5/jJTE5uejpjVlOe/izrB70Jof72aM=
golang.org/x/sync v0.1.0/go.mod h1:RxMgew5VJxzue5/jJTE5uejpjVlOe/izrB70Jof72aM=
golang.org/x/sync v0.10.0 h1:3NQrjDixjgGwUOCaF8w2+VYHv0Ve/vGYSbdkTa98gmQ=
golang.org/x/sync v0.10.0/go.mod h1:Czt+wKu1gCyEFDUtn0jG5QVvpJ6rzVqr5aXyt9drQfk=
golang.org/x/sys v0.0.0-20190215142949-d0b11bdaac8a/go.mod h1:STP8DvDyc/dI5b8T5hshtkjS+E42TnysNCUPdjciGhY=
golang.org/x/sys v0.0.0-20190412213103-97732733099d/go.mod h1:h1NjWce9XRLGQEsW7wpKNCjG9DtNlClVuFLEZdDNbEs=
golang.org/x/sys v0.0.0-20200323222414-85ca7c5b95cd/go.mod h1:h1NjWce9XRLGQEsW7wpKNCjG9DtNlClVuFLEZdDNbEs=
golang.org/x/sys v0.0.0-20200509044756-6aff5f38e54f/go.mod h1:h1NjWce9XRLGQEsW7wpKNCjG9DtNlClVuFLEZdDNbEs=
golang.org/x/sys v0.0.0-20200930185726-fdedc70b468f/go.mod h1:h1NjWce9XRLGQEsW7wpKNCjG9DtNlClVuFLEZdDNbEs=
golang.org/x/sys v0.0.0-20201119102817-f84b799fce68/go.mod h1:h1NjWce9XRLGQEsW7wpKNCjG9DtNlClVuFLEZdDNbEs=
golang.org/x/sys v0.0.0-20210615035016-665e8c7367d1/go.mod h1:oPkhp1MJrh7nUepCBck5+mAzfO9JrbApNNgaTdGDITg=
golang.org/x/sys v0.0.0-20220520151302-bc2c85ada10a/go.mod h1:oPkhp1MJrh7nUepCBck5+mAzfO9JrbApNNgaTdGDITg=
golang.org/x/sys v0.0.0-20220715151400-c0bba94af5f8/go.mod h1:oPkhp1MJrh7nUepCBck5+mAzfO9JrbApNNgaTdGDITg=
golang.org/x/sys v0.0.0-20220722155257-8c9f86f7a55f/go.mod h1:oPkhp1MJrh7nUepCBck5+mAzfO9JrbApNNgaTdGDITg=
golang.org/x/sys v0.0.0-20220811171246-fbc7d0a398ab/go.mod h1:oPkhp1MJrh7nUepCBck5+mAzfO9JrbApNNgaTdGDITg=
golang.org/x/sys v0.5.0/go.mod h1:oPkhp1MJrh7nUepCBck5+mAzfO9JrbApNNgaTdGDITg=
golang.org/x/sys v0.6.0/go.mod h1:oPkhp1MJrh7nUepCBck5+mAzfO9JrbApNNgaTdGDITg=
golang.org/x/sys v0.8.0/go.mod h1:oPkhp1MJrh7nUepCBck5+mAzfO9JrbApNNgaTdGDITg=
golang.org/x/sys v0.9.0/go.mod h1:oPkhp1MJrh7nUepCBck5+mAzfO9JrbApNNgaTdGDITg=
golang.org/x/sys v0.29.0 h1:TPYlXGxvx1MGTn2GiZDhnjPA9wZzZeGKHHmKhHYvgaU=
golang.org/x/sys v0.29.0/go.mod h1:/VUhepiaJMQUp4+oa/7Zr1D23ma6VTLIYjOOTFZPUcA=
golang.org/x/term v0.0.0-20201126162022-7de9c90e9dd1/go.mod h1:bj7SfCRtBDWHUb9snDiAeCFNEtKQo2Wmx5Cou7ajbmo=
golang.org/x/term v0.0.0-20210927222741-03fcf44c2211/go.mod h1:jbD1KX2456YbFQfuXm/mYQcufACuNUgVhRMnK/tPxf8=
golang.org/x/term v0.5.0/go.mod h1:jMB1sMXY+tzblOD4FWmEbocvup2/aLOaQEp7JmGp78k=
golang.org/x/term v0.8.0/go.mod h1:xPskH00ivmX89bAKVGSKKtLOWNx2+17Eiy94tnKShWo=
golang.org/x/term v0.9.0/go.mod h1:M6DEAAIenWoTxdKrOltXcmDY3rSplQUkrvaDU5FcQyo=
golang.org/x/term v0.28.0 h1:/Ts8HFuMR2E6IP/jlo7QVLZHggjKQbhu/7H0LJFr3Gg=
golang.org/x/term v0.28.0/go.mod h1:Sw/lC2IAUZ92udQNf3WodGtn4k/XoLyZoh8v/8uiwek=
golang.org/x/text v0.3.0/go.mod h1:NqM8EUOU14njkJ3fqMW+pc6Ldnwhi/IjpwHt7yyuwOQ=
golang.org/x/text v0.3.2/go.mod h1:bEr9sfX3Q8Zfm5fL9x+3itogRgK3+ptLWKqgva+5dAk=
golang.org/x/text v0.3.3/go.mod h1:5Zoc/QRtKVWzQhOtBMvqHzDpF6irO9z98xDceosuGiQ=
golang.org/x/text v0.3.7/go.mod h1:u+2+/6zg+i71rQMx5EYifcz6MCKuco9NR6JIITiCfzQ=
golang.org/x/text v0.7.0/go.mod h1:mrYo+phRRbMaCq/xk9113O4dZlRixOauAjOtrjsXDZ8=
golang.org/x/text v0.9.0/go.mod h1:e1OnstbJyHTd6l/uOt8jFFHp6TRDWZR/bV3emEE/zU8=
golang.org/x/text v0.10.0/go.mod h1:TvPlkZtksWOMsz7fbANvkp4WM8x/WCo/om8BMLbz+aE=
golang.org/x/text v0.21.0 h1:zyQAAkrwaneQ066sspRyJaG9VNi/YJ1NfzcGB3hZ/qo=
golang.org/x/text v0.21.0/go.mod h1:4IBbMaMmOPCJ8SecivzSH54+73PCFmPWxNTLm+vZkEQ=
golang.org/x/time v0.7.0 h1:ntUhktv3OPE6TgYxXWv9vKvUSJyIFJlyohwbkEwPrKQ=
golang.org/x/time v0.7.0/go.mod h1:3BpzKBy/shNhVucY/MWOyx10tF3SFh9QdLuxbVysPQM=
golang.org/x/tools v0.0.0-20180917221912-90fa682c2a6e/go.mod h1:n7NCudcB/nEzxVGmLbDWY5pfWTLqBcC2KZ6jyYvM4mQ=
golang.org/x/tools v0.0.0-20190328211700-ab21143f2384/go.mod h1:LCzVGOaR6xXOjkQ3onu1FJEFr0SW1gC7cKk1uF8kGRs=
golang.org/x/tools v0.0.0-20191119224855-298f0cb1881e/go.mod h1:b+2E5dAYhXwXZwtnZ6UAqBI28+e2cm9otk0dWdXHAEo=
golang.org/x/tools v0.0.0-20200509030707-2212a7e161a5/go.mod h1:EkVYQZoAsY45+roYkvgYkIh4xh/qjgUK9TdY2XT94GE=
golang.org/x/tools v0.0.0-20200619180055-7c47624df98f/go.mod h1:EkVYQZoAsY45+roYkvgYkIh4xh/qjgUK9TdY2XT94GE=
golang.org/x/tools v0.0.0-20210106214847-113979e3529a/go.mod h1:emZCQorbCU4vsT4fOWvOPXz4eW1wZW4PmDk9uLelYpA=
golang.org/x/tools v0.1.12/go.mod h1:hNGJHUnrk76NpqgfD5Aqm5Crs+Hm0VOH/i9J2+nxYbc=
golang.org/x/tools v0.6.0/go.mod h1:Xwgl3UAJ/d3gWutnCtw505GrjyAbvKui8lOU390QaIU=
golang.org/x/tools v0.29.0 h1:Xx0h3TtM9rzQpQuR4dKLrdglAmCEN5Oi+P74JdhdzXE=
golang.org/x/tools v0.29.0/go.mod h1:KMQVMRsVxU6nHCFXrBPhDB8XncLNLM0lIy/F14RP588=
golang.org/x/xerrors v0.0.0-20190717185122-a985d3407aa7/go.mod h1:I/5z698sn9Ka8TeJc9MKroUUfqBBauWjQqLJ2OPfmY0=
golang.org/x/xerrors v0.0.0-20191011141410-1b5146add898/go.mod h1:I/5z698sn9Ka8TeJc9MKroUUfqBBauWjQqLJ2OPfmY0=
golang.org/x/xerrors v0.0.0-20191204190536-9bdfabe68543/go.mod h1:I/5z698sn9Ka8TeJc9MKroUUfqBBauWjQqLJ2OPfmY0=
golang.org/x/xerrors v0.0.0-20200804184101-5ec99f83aff1/go.mod h1:I/5z698sn9Ka8TeJc9MKroUUfqBBauWjQqLJ2OPfmY0=
gonum.org/v1/gonum v0.11.0 h1:f1IJhK4Km5tBJmaiJXtk/PkL4cdVX6J+tGiM187uT5E=
gonum.org/v1/gonum v0.11.0/go.mod h1:fSG4YDCxxUZQJ7rKsQrj0gMOg00Il0Z96/qMA4bVQhA=
google.golang.org/genproto v0.0.0-20240123012728-ef4313101c80 h1:KAeGQVN3M9nD0/bQXnr/ClcEMJ968gUXJQ9pwfSynuQ=
google.golang.org/genproto v0.0.0-20240123012728-ef4313101c80/go.mod h1:cc8bqMqtv9gMOr0zHg2Vzff5ULhhL2IXP4sbcn32Dro=
google.golang.org/genproto/googleapis/api v0.0.0-20240826202546-f6391c0de4c7 h1:YcyjlL1PRr2Q17/I0dPk2JmYS5CDXfcdb2Z3YRioEbw=
google.golang.org/genproto/googleapis/api v0.0.0-20240826202546-f6391c0de4c7/go.mod h1:OCdP9MfskevB/rbYvHTsXTtKC+3bHWajPdoKgjcYkfo=
google.golang.org/genproto/googleapis/rpc v0.0.0-20240826202546-f6391c0de4c7 h1:2035KHhUv+EpyB+hWgJnaWKJOdX1E95w2S8Rr4uWKTs=
google.golang.org/genproto/googleapis/rpc v0.0.0-20240826202546-f6391c0de4c7/go.mod h1:UqMtugtsSgubUsoxbuAoiCXvqvErP7Gf0so0mK9tHxU=
google.golang.org/grpc v1.65.0 h1:bs/cUb4lp1G5iImFFd3u5ixQzweKizoZJAwBNLR42lc=
google.golang.org/grpc v1.65.0/go.mod h1:WgYC2ypjlB0EiQi6wdKixMqukr6lBc0Vo+oOgjrM5ZQ=
google.golang.org/protobuf v1.36.1 h1:yBPeRvTftaleIgM3PZ/WBIZ7XM/eEYAaEyCwvyjq/gk=
google.golang.org/protobuf v1.36.1/go.mod h1:9fA7Ob0pmnwhb644+1+CVWFRbNajQ6iRojtC/QF5bRE=
gopkg.in/check.v1 v0.0.0-20161208181325-20d25e280405/go.mod h1:Co6ibVJAznAaIkqp8huTwlJQCZ016jof/cbN4VW5Yz0=
gopkg.in/check.v1 v1.0.0-20200227125254-8fa46927fb4f/go.mod h1:Co6ibVJAznAaIkqp8huTwlJQCZ016jof/cbN4VW5Yz0=
gopkg.in/check.v1 v1.0.0-20201130134442-10cb98267c6c h1:Hei/4ADfdWqJk1ZMxUNpqntNwaWcugrBjAiHlqqRiVk=
gopkg.in/check.v1 v1.0.0-20201130134442-10cb98267c6c/go.mod h1:JHkPIbrfpd72SG/EVd6muEfDQjcINNoR0C8j2r3qZ4Q=
gopkg.in/evanphx/json-patch.v4 v4.12.0 h1:n6jtcsulIzXPJaxegRbvFNNrZDjbij7ny3gmSPG+6V4=
gopkg.in/evanphx/json-patch.v4 v4.12.0/go.mod h1:p8EYWUEYMpynmqDbY58zCKCFZw8pRWMG4EsWvDvM72M=
gopkg.in/inf.v0 v0.9.1 h1:73M5CoZyi3ZLMOyDlQh031Cx6N9NDJ2Vvfl76EDAgDc=
gopkg.in/inf.v0 v0.9.1/go.mod h1:cWUDdTG/fYaXco+Dcufb5Vnc6Gp2YChqWtbxRZE0mXw=
gopkg.in/ini.v1 v1.56.0/go.mod h1:pNLf8WUiyNEtQjuu5G5vTm06TEv9tsIgeAvK8hOrP4k=
gopkg.in/ini.v1 v1.62.0 h1:duBzk771uxoUuOlyRLkHsygud9+5lrlGjdFBb4mSKDU=
gopkg.in/ini.v1 v1.62.0/go.mod h1:pNLf8WUiyNEtQjuu5G5vTm06TEv9tsIgeAvK8hOrP4k=
gopkg.in/natefinch/lumberjack.v2 v2.2.1 h1:bBRl1b0OH9s/DuPhuXpNl+VtCaJXFZ5/uEFST95x9zc=
gopkg.in/natefinch/lumberjack.v2 v2.2.1/go.mod h1:YD8tP3GAjkrDg1eZH7EGmyESg/lsYskCTPBJVb9jqSc=
gopkg.in/tomb.v1 v1.0.0-20141024135613-dd632973f1e7 h1:uRGJdciOHaEIrze2W8Q3AKkepLTh2hOroT7a+7czfdQ=
gopkg.in/tomb.v1 v1.0.0-20141024135613-dd632973f1e7/go.mod h1:dt/ZhP58zS4L8KSrWDmTeBkI65Dw0HsyUHuEVlX15mw=
gopkg.in/yaml.v2 v2.2.2/go.mod h1:hI93XBmqTisBFMUTm0b8Fm+jr3Dg1NNxqwp+5A1VGuI=
gopkg.in/yaml.v2 v2.2.8/go.mod h1:hI93XBmqTisBFMUTm0b8Fm+jr3Dg1NNxqwp+5A1VGuI=
gopkg.in/yaml.v2 v2.4.0 h1:D8xgwECY7CYvx+Y2n4sBz93Jn9JRvxdiyyo8CTfuKaY=
gopkg.in/yaml.v2 v2.4.0/go.mod h1:RDklbk79AGWmwhnvt/jBztapEOGDOx6ZbXqjP6csGnQ=
gopkg.in/yaml.v3 v3.0.0-20200313102051-9f266ea9e77c/go.mod h1:K4uyk7z7BCEPqu6E+C64Yfv1cQ7kz7rIZviUmN+EgEM=
gopkg.in/yaml.v3 v3.0.1 h1:fxVm/GzAzEWqLHuvctI91KS9hhNmmWOoWu0XTYJS7CA=
gopkg.in/yaml.v3 v3.0.1/go.mod h1:K4uyk7z7BCEPqu6E+C64Yfv1cQ7kz7rIZviUmN+EgEM=
k8s.io/api v0.0.0-20250205124818-68351e3d8f2c h1:G1EScEUAUdkN0CMqZmKa1Tdi+Y3RpzsgHiuwnXimChU=
k8s.io/api v0.0.0-20250205124818-68351e3d8f2c/go.mod h1:ZLCbRmcWnRFuucF3pJbT54THedF3cuZ9RlLvspU+RPA=
k8s.io/apiextensions-apiserver v0.32.1 h1:hjkALhRUeCariC8DiVmb5jj0VjIc1N0DREP32+6UXZw=
k8s.io/apiextensions-apiserver v0.32.1/go.mod h1:sxWIGuGiYov7Io1fAS2X06NjMIk5CbRHc2StSmbaQto=
k8s.io/apimachinery v0.0.0-20250207124601-12352425f4c6 h1:f1AnT/l4Tyc8cLNgcHFoqLNUUUJzFJcpUwo/LUkWs+0=
k8s.io/apimachinery v0.0.0-20250207124601-12352425f4c6/go.mod h1:h8DnJz4KNjkQsP8iFir+s3sSBEK3Iy43bfB2gFjSR+A=
k8s.io/apiserver v0.32.1 h1:oo0OozRos66WFq87Zc5tclUX2r0mymoVHRq8JmR7Aak=
k8s.io/apiserver v0.32.1/go.mod h1:UcB9tWjBY7aryeI5zAgzVJB/6k7E97bkr1RgqDz0jPw=
k8s.io/client-go v0.0.0-20250207125524-07d61b66a66d h1:MfbZWovJFC8UfgiFDZYeVsvKVDE3mYHAHK4i2+IANF0=
k8s.io/client-go v0.0.0-20250207125524-07d61b66a66d/go.mod h1:kpS0aYjmCUprsRed8db3J/TsizjCE7F6SyKCl/UEokQ=
k8s.io/code-generator v0.32.1 h1:4lw1kFNDuFYXquTkB7Sl5EwPMUP2yyW9hh6BnFfRZFY=
k8s.io/code-generator v0.32.1/go.mod h1:zaILfm00CVyP/6/pJMJ3zxRepXkxyDfUV5SNG4CjZI4=
k8s.io/component-base v0.32.1 h1:/5IfJ0dHIKBWysGV0yKTFfacZ5yNV1sulPh3ilJjRZk=
k8s.io/component-base v0.32.1/go.mod h1:j1iMMHi/sqAHeG5z+O9BFNCF698a1u0186zkjMZQ28w=
k8s.io/component-helpers v0.28.4 h1:+X9VXT5+jUsRdC26JyMZ8Fjfln7mSjgumafocE509C4=
k8s.io/component-helpers v0.28.4/go.mod h1:8LzMalOQ0K10tkBJWBWq8h0HTI9HDPx4WT3QvTFn9Ro=
k8s.io/gengo/v2 v2.0.0-20240911193312-2b36238f13e9 h1:si3PfKm8dDYxgfbeA6orqrtLkvvIeH8UqffFJDl0bz4=
k8s.io/gengo/v2 v2.0.0-20240911193312-2b36238f13e9/go.mod h1:EJykeLsmFC60UQbYJezXkEsG2FLrt0GPNkU5iK5GWxU=
k8s.io/klog/v2 v2.130.1 h1:n9Xl7H1Xvksem4KFG4PYbdQCQxqc/tTUyrgXaOhHSzk=
k8s.io/klog/v2 v2.130.1/go.mod h1:3Jpz1GvMt720eyJH1ckRHK1EDfpxISzJ7I9OYgaDtPE=
k8s.io/kms v0.32.1 h1:TW6cswRI/fawoQRFGWLmEceO37rZXupdoRdmO019jCc=
k8s.io/kms v0.32.1/go.mod h1:Bk2evz/Yvk0oVrvm4MvZbgq8BD34Ksxs2SRHn4/UiOM=
k8s.io/kube-openapi v0.0.0-20241212222426-2c72e554b1e7 h1:hcha5B1kVACrLujCKLbr8XWMxCxzQx42DY8QKYJrDLg=
k8s.io/kube-openapi v0.0.0-20241212222426-2c72e554b1e7/go.mod h1:GewRfANuJ70iYzvn+i4lezLDAFzvjxZYK1gn1lWcfas=
k8s.io/utils v0.0.0-20241104100929-3ea5e8cea738 h1:M3sRQVHv7vB20Xc2ybTt7ODCeFj6JSWYFzOFnYeS6Ro=
k8s.io/utils v0.0.0-20241104100929-3ea5e8cea738/go.mod h1:OLgZIPagt7ERELqWJFomSt595RzquPNLL48iOWgYOg0=
sigs.k8s.io/apiserver-network-proxy/konnectivity-client v0.31.0 h1:CPT0ExVicCzcpeN4baWEV2ko2Z/AsiZgEdwgcfwLgMo=
sigs.k8s.io/apiserver-network-proxy/konnectivity-client v0.31.0/go.mod h1:Ve9uj1L+deCXFrPOk1LpFXqTg7LCFzFso6PA48q/XZw=
sigs.k8s.io/controller-runtime v0.14.6 h1:oxstGVvXGNnMvY7TAESYk+lzr6S3V5VFxQ6d92KcwQA=
sigs.k8s.io/controller-runtime v0.14.6/go.mod h1:WqIdsAY6JBsjfc/CqO0CORmNtoCtE4S6qbPc9s68h+0=
sigs.k8s.io/controller-tools v0.17.2 h1:jNFOKps8WnaRKZU2R+4vRCHnXyJanVmXBWqkuUPFyFg=
sigs.k8s.io/controller-tools v0.17.2/go.mod h1:4q5tZG2JniS5M5bkiXY2/potOiXyhoZVw/U48vLkXk0=
sigs.k8s.io/json v0.0.0-20241010143419-9aa6b5e7a4b3 h1:/Rv+M11QRah1itp8VhT6HoVx1Ray9eB4DBr+K+/sCJ8=
sigs.k8s.io/json v0.0.0-20241010143419-9aa6b5e7a4b3/go.mod h1:18nIHnGi6636UCz6m8i4DhaJ65T6EruyzmoQqI2BVDo=
sigs.k8s.io/structured-merge-diff/v4 v4.4.2 h1:MdmvkGuXi/8io6ixD5wud3vOLwc1rj0aNqRlpuvjmwA=
sigs.k8s.io/structured-merge-diff/v4 v4.4.2/go.mod h1:N8f93tFZh9U6vpxwRArLiikrE5/2tiu1w1AGfACIGE4=
sigs.k8s.io/yaml v1.4.0 h1:Mk1wCc2gy/F0THH0TAp1QYyJNzRm2KCLy3o5ASXVI5E=
sigs.k8s.io/yaml v1.4.0/go.mod h1:Ejl7/uTz7PSA4eKMyQCUTnhZYNmLIl+5c2lQPGR2BPY=
